{
  "name": "simple-draw-benchmark",
  "version": "1.0.0",
  "lockfileVersion": 2,
  "requires": true,
  "packages": {
    "": {
      "name": "simple-draw-benchmark",
      "version": "1.0.0",
      "license": "ISC",
      "dependencies": {
        "@resvg/resvg-js": "^2.2.0",
        "satori": "^0.1.1",
        "simple-draw": "file:../pkg"
      }
    },
    "../pkg": {
      "name": "draw-wasm",
      "version": "0.1.0"
    },
    "node_modules/@resvg/resvg-js": {
      "version": "2.2.0",
      "resolved": "https://registry.npmjs.org/@resvg/resvg-js/-/resvg-js-2.2.0.tgz",
      "integrity": "sha512-Btc6Bht2Y8jBlS1RqVYsPWQaL1WgeGZd/TasmQpCsh0s5Ax1Kw0zyr6DCpvlNYG6b3mNnmJ5ib44A5MIQZmrEQ==",
      "engines": {
        "node": ">= 10"
      },
      "optionalDependencies": {
        "@resvg/resvg-js-android-arm-eabi": "2.2.0",
        "@resvg/resvg-js-android-arm64": "2.2.0",
        "@resvg/resvg-js-darwin-arm64": "2.2.0",
        "@resvg/resvg-js-darwin-x64": "2.2.0",
        "@resvg/resvg-js-linux-arm-gnueabihf": "2.2.0",
        "@resvg/resvg-js-linux-arm64-gnu": "2.2.0",
        "@resvg/resvg-js-linux-arm64-musl": "2.2.0",
        "@resvg/resvg-js-linux-x64-gnu": "2.2.0",
        "@resvg/resvg-js-linux-x64-musl": "2.2.0",
        "@resvg/resvg-js-win32-arm64-msvc": "2.2.0",
        "@resvg/resvg-js-win32-ia32-msvc": "2.2.0",
        "@resvg/resvg-js-win32-x64-msvc": "2.2.0"
      }
    },
    "node_modules/@resvg/resvg-js-android-arm-eabi": {
      "version": "2.2.0",
      "resolved": "https://registry.npmjs.org/@resvg/resvg-js-android-arm-eabi/-/resvg-js-android-arm-eabi-2.2.0.tgz",
      "integrity": "sha512-w3lAI6R5cfxGM5oxX6XhEFob4mJkkyfKm0veUQJOg65J4dznwcaJ54lGuQPfjAPhcHxSk/w+7BvFLjbbjV09qw==",
      "cpu": [
        "arm"
      ],
      "optional": true,
      "os": [
        "android"
      ],
      "engines": {
        "node": ">= 10"
      }
    },
    "node_modules/@resvg/resvg-js-android-arm64": {
      "version": "2.2.0",
      "resolved": "https://registry.npmjs.org/@resvg/resvg-js-android-arm64/-/resvg-js-android-arm64-2.2.0.tgz",
      "integrity": "sha512-rzo0IqUErz1GzPthmU3wB25Vvdyr6KGI+J2WqALgSqmFxJ/sDygT2/6tirb4Lp1IjbvLhzO3uA6SP/sMwcWNfw==",
      "cpu": [
        "arm64"
      ],
      "optional": true,
      "os": [
        "android"
      ],
      "engines": {
        "node": ">= 10"
      }
    },
    "node_modules/@resvg/resvg-js-darwin-arm64": {
      "version": "2.2.0",
      "resolved": "https://registry.npmjs.org/@resvg/resvg-js-darwin-arm64/-/resvg-js-darwin-arm64-2.2.0.tgz",
      "integrity": "sha512-MHJBjUh+xlZeMXcHqGiBO5d5CcgNAd0pXXaOmQtcamfBN5oc9SCJP3z137BEN5RhE6bgz6Wl88Sv1Jh3Wn0nlA==",
      "cpu": [
        "arm64"
      ],
      "optional": true,
      "os": [
        "darwin"
      ],
      "engines": {
        "node": ">= 10"
      }
    },
    "node_modules/@resvg/resvg-js-darwin-x64": {
      "version": "2.2.0",
      "resolved": "https://registry.npmjs.org/@resvg/resvg-js-darwin-x64/-/resvg-js-darwin-x64-2.2.0.tgz",
      "integrity": "sha512-y6uaW/lWgvqpoeTA2hrgPlvNS7kbduBpUfYCpmk7KzOEMBzUUssOHT+DgqlQ7SZOi01mL6DHeDpAjvzM7K4Ocw==",
      "cpu": [
        "x64"
      ],
      "optional": true,
      "os": [
        "darwin"
      ],
      "engines": {
        "node": ">= 10"
      }
    },
    "node_modules/@resvg/resvg-js-linux-arm-gnueabihf": {
      "version": "2.2.0",
      "resolved": "https://registry.npmjs.org/@resvg/resvg-js-linux-arm-gnueabihf/-/resvg-js-linux-arm-gnueabihf-2.2.0.tgz",
      "integrity": "sha512-G32NqLnuYilT3z5oD5AKXZvpD/ZPRzP1t2T0dvqQC6kBE6c5ckhdCbyT0gnnarcvMoXP+J/xh7kadEp3V8wFDg==",
      "cpu": [
        "arm"
      ],
      "optional": true,
      "os": [
        "linux"
      ],
      "engines": {
        "node": ">= 10"
      }
    },
    "node_modules/@resvg/resvg-js-linux-arm64-gnu": {
      "version": "2.2.0",
      "resolved": "https://registry.npmjs.org/@resvg/resvg-js-linux-arm64-gnu/-/resvg-js-linux-arm64-gnu-2.2.0.tgz",
      "integrity": "sha512-R0KJCCyjFcTDFT+nAVlP/CYUMIEjxSkSJsEED9QesulCxMY/aoO52p91FgQrGjecORkASNXovlqS3HsNYbCTOg==",
      "cpu": [
        "arm64"
      ],
      "optional": true,
      "os": [
        "linux"
      ],
      "engines": {
        "node": ">= 10"
      }
    },
    "node_modules/@resvg/resvg-js-linux-arm64-musl": {
      "version": "2.2.0",
      "resolved": "https://registry.npmjs.org/@resvg/resvg-js-linux-arm64-musl/-/resvg-js-linux-arm64-musl-2.2.0.tgz",
      "integrity": "sha512-Ir83lcBsuB6YVkAVPW4AAOzYo/F9kjlx2HA/O3vCjy/Rn5u5Xf2fGANfJxfCHUCtDMcqmM4hjdF2fOzqS9fusw==",
      "cpu": [
        "arm64"
      ],
      "optional": true,
      "os": [
        "linux"
      ],
      "engines": {
        "node": ">= 10"
      }
    },
    "node_modules/@resvg/resvg-js-linux-x64-gnu": {
      "version": "2.2.0",
      "resolved": "https://registry.npmjs.org/@resvg/resvg-js-linux-x64-gnu/-/resvg-js-linux-x64-gnu-2.2.0.tgz",
      "integrity": "sha512-pH1GdShtIDF3fmQZM9NTEEdZPkNKQ+XUJb7r1jaD8gusdXeD2ejWWi/uvlsugaoMoG0tUmMZi78eVm4IjlY+gw==",
      "cpu": [
        "x64"
      ],
      "optional": true,
      "os": [
        "linux"
      ],
      "engines": {
        "node": ">= 10"
      }
    },
    "node_modules/@resvg/resvg-js-linux-x64-musl": {
      "version": "2.2.0",
      "resolved": "https://registry.npmjs.org/@resvg/resvg-js-linux-x64-musl/-/resvg-js-linux-x64-musl-2.2.0.tgz",
      "integrity": "sha512-7n2d4gfcyLb06RE/7aMGwiiMiqeCf/Ze/fBhKs9F2L60GX6rpgDC2PGJmWBiXIwz48PifvxmBiqD9XCUH5YGoA==",
      "cpu": [
        "x64"
      ],
      "optional": true,
      "os": [
        "linux"
      ],
      "engines": {
        "node": ">= 10"
      }
    },
    "node_modules/@resvg/resvg-js-win32-arm64-msvc": {
      "version": "2.2.0",
      "resolved": "https://registry.npmjs.org/@resvg/resvg-js-win32-arm64-msvc/-/resvg-js-win32-arm64-msvc-2.2.0.tgz",
      "integrity": "sha512-rJWhnui1+P9lakfx92zhm+HInZUU1NdvkL/G5KrFcRI8HH0rfdNHokfKknvuko4e7iUSia7kTsbuKDNe4fErtQ==",
      "cpu": [
        "arm64"
      ],
      "optional": true,
      "os": [
        "win32"
      ],
      "engines": {
        "node": ">= 10"
      }
    },
    "node_modules/@resvg/resvg-js-win32-ia32-msvc": {
      "version": "2.2.0",
      "resolved": "https://registry.npmjs.org/@resvg/resvg-js-win32-ia32-msvc/-/resvg-js-win32-ia32-msvc-2.2.0.tgz",
      "integrity": "sha512-GlckTgsrlF9PQlWcXs1EySeGaT8TAkrSGhVZPRvSv46DUpZlhyVVvKMjsvpbDfqWltFkJTEgkTJ6uravnJrEMA==",
      "cpu": [
        "ia32"
      ],
      "optional": true,
      "os": [
        "win32"
      ],
      "engines": {
        "node": ">= 10"
      }
    },
    "node_modules/@resvg/resvg-js-win32-x64-msvc": {
      "version": "2.2.0",
      "resolved": "https://registry.npmjs.org/@resvg/resvg-js-win32-x64-msvc/-/resvg-js-win32-x64-msvc-2.2.0.tgz",
      "integrity": "sha512-4coA6J+MfrpbMaPynSLmmiq3DutmvNmCcNFyjnhhnytQW7+8zbrkVZGra7fty3364LY3unZGxS878WRa/AU7tw==",
      "cpu": [
        "x64"
      ],
      "optional": true,
      "os": [
        "win32"
      ],
      "engines": {
        "node": ">= 10"
      }
    },
    "node_modules/@shuding/opentype.js": {
      "version": "1.4.0-beta.0",
      "resolved": "https://registry.npmjs.org/@shuding/opentype.js/-/opentype.js-1.4.0-beta.0.tgz",
      "integrity": "sha512-3NgmNyH3l/Hv6EvsWJbsvpcpUba6R8IREQ83nH83cyakCw7uM1arZKNfHwv1Wz6jgqrF/j4x5ELvR6PnK9nTcA==",
      "dependencies": {
        "fflate": "^0.7.3",
        "string.prototype.codepointat": "^0.2.1"
      },
      "bin": {
        "ot": "bin/ot"
      },
      "engines": {
        "node": ">= 8.0.0"
      }
    },
    "node_modules/camelize": {
      "version": "1.0.1",
      "resolved": "https://registry.npmjs.org/camelize/-/camelize-1.0.1.tgz",
      "integrity": "sha512-dU+Tx2fsypxTgtLoE36npi3UqcjSSMNYfkqgmoEhtZrraP5VWq0K7FkWVTYa8eMPtnU/G2txVsfdCJTn9uzpuQ==",
      "funding": {
        "url": "https://github.com/sponsors/ljharb"
      }
    },
    "node_modules/css-background-parser": {
      "version": "0.1.0",
      "resolved": "https://registry.npmjs.org/css-background-parser/-/css-background-parser-0.1.0.tgz",
      "integrity": "sha512-2EZLisiZQ+7m4wwur/qiYJRniHX4K5Tc9w93MT3AS0WS1u5kaZ4FKXlOTBhOjc+CgEgPiGY+fX1yWD8UwpEqUA=="
    },
    "node_modules/css-box-shadow": {
      "version": "1.0.0-3",
      "resolved": "https://registry.npmjs.org/css-box-shadow/-/css-box-shadow-1.0.0-3.tgz",
      "integrity": "sha512-9jaqR6e7Ohds+aWwmhe6wILJ99xYQbfmK9QQB9CcMjDbTxPZjwEmUQpU91OG05Xgm8BahT5fW+svbsQGjS/zPg=="
    },
    "node_modules/css-color-keywords": {
      "version": "1.0.0",
      "resolved": "https://registry.npmjs.org/css-color-keywords/-/css-color-keywords-1.0.0.tgz",
      "integrity": "sha512-FyyrDHZKEjXDpNJYvVsV960FiqQyXc/LlYmsxl2BcdMb2WPx0OGRVgTg55rPSyLSNMqP52R9r8geSp7apN3Ofg==",
      "engines": {
        "node": ">=4"
      }
    },
    "node_modules/css-to-react-native": {
      "version": "3.1.0",
      "resolved": "https://registry.npmjs.org/css-to-react-native/-/css-to-react-native-3.1.0.tgz",
      "integrity": "sha512-AryfkFA29b4I3vG7N4kxFboq15DxwSXzhXM37XNEjwJMgjYIc8BcqfiprpAqX0zadI5PMByEIwAMzXxk5Vcc4g==",
      "dependencies": {
        "camelize": "^1.0.0",
        "css-color-keywords": "^1.0.0",
        "postcss-value-parser": "^4.0.2"
      }
    },
    "node_modules/emoji-regex": {
      "version": "10.2.1",
      "resolved": "https://registry.npmjs.org/emoji-regex/-/emoji-regex-10.2.1.tgz",
      "integrity": "sha512-97g6QgOk8zlDRdgq1WxwgTMgEWGVAQvB5Fdpgc1MkNy56la5SKP9GsMXKDOdqwn90/41a8yPwIGk1Y6WVbeMQA=="
    },
    "node_modules/fflate": {
      "version": "0.7.4",
      "resolved": "https://registry.npmjs.org/fflate/-/fflate-0.7.4.tgz",
      "integrity": "sha512-5u2V/CDW15QM1XbbgS+0DfPxVB+jUKhWEKuuFuHncbk3tEEqzmoXL+2KyOFuKGqOnmdIy0/davWF1CkuwtibCw=="
    },
    "node_modules/postcss-value-parser": {
      "version": "4.2.0",
      "resolved": "https://registry.npmjs.org/postcss-value-parser/-/postcss-value-parser-4.2.0.tgz",
      "integrity": "sha512-1NNCs6uurfkVbeXG4S8JFT9t19m45ICnif8zWLd5oPSZ50QnwMfK+H3jv408d4jw/7Bttv5axS5IiHoLaVNHeQ=="
    },
    "node_modules/satori": {
      "version": "0.1.1",
      "resolved": "https://registry.npmjs.org/satori/-/satori-0.1.1.tgz",
      "integrity": "sha512-bpGuPaABgYvsUTWFvD+smIpqEbN2es6cQXgJT7hi02JNOuRGuBed5OYdG2YGAgRkYF9DgbKZn/ONhL0n59+sXw==",
      "dependencies": {
        "@shuding/opentype.js": "1.4.0-beta.0",
        "css-background-parser": "^0.1.0",
        "css-box-shadow": "1.0.0-3",
        "css-to-react-native": "^3.0.0",
        "emoji-regex": "^10.2.1",
        "postcss-value-parser": "^4.2.0",
        "yoga-wasm-web": "^0.3.0"
      },
      "engines": {
        "node": ">=16"
      }
    },
    "node_modules/simple-draw": {
      "resolved": "../pkg",
      "link": true
    },
    "node_modules/string.prototype.codepointat": {
      "version": "0.2.1",
      "resolved": "https://registry.npmjs.org/string.prototype.codepointat/-/string.prototype.codepointat-0.2.1.tgz",
      "integrity": "sha512-2cBVCj6I4IOvEnjgO/hWqXjqBGsY+zwPmHl12Srk9IXSZ56Jwwmy+66XO5Iut/oQVR7t5ihYdLB0GMa4alEUcg=="
    },
    "node_modules/yoga-wasm-web": {
      "version": "0.3.0",
      "resolved": "https://registry.npmjs.org/yoga-wasm-web/-/yoga-wasm-web-0.3.0.tgz",
      "integrity": "sha512-rD3L4jyMlO1m+RWU60lNwZQK5zmzglCV5fI1gTRikmpv3YzmNIZQbjyfE6cMNb9Xaly/C1SwemYGbsiOekMvnQ=="
    }
  },
  "dependencies": {
    "@resvg/resvg-js": {
      "version": "2.2.0",
      "resolved": "https://registry.npmjs.org/@resvg/resvg-js/-/resvg-js-2.2.0.tgz",
      "integrity": "sha512-Btc6Bht2Y8jBlS1RqVYsPWQaL1WgeGZd/TasmQpCsh0s5Ax1Kw0zyr6DCpvlNYG6b3mNnmJ5ib44A5MIQZmrEQ==",
      "requires": {
        "@resvg/resvg-js-android-arm-eabi": "2.2.0",
        "@resvg/resvg-js-android-arm64": "2.2.0",
        "@resvg/resvg-js-darwin-arm64": "2.2.0",
        "@resvg/resvg-js-darwin-x64": "2.2.0",
        "@resvg/resvg-js-linux-arm-gnueabihf": "2.2.0",
        "@resvg/resvg-js-linux-arm64-gnu": "2.2.0",
        "@resvg/resvg-js-linux-arm64-musl": "2.2.0",
        "@resvg/resvg-js-linux-x64-gnu": "2.2.0",
        "@resvg/resvg-js-linux-x64-musl": "2.2.0",
        "@resvg/resvg-js-win32-arm64-msvc": "2.2.0",
        "@resvg/resvg-js-win32-ia32-msvc": "2.2.0",
        "@resvg/resvg-js-win32-x64-msvc": "2.2.0"
      }
    },
    "@resvg/resvg-js-android-arm-eabi": {
      "version": "2.2.0",
      "resolved": "https://registry.npmjs.org/@resvg/resvg-js-android-arm-eabi/-/resvg-js-android-arm-eabi-2.2.0.tgz",
      "integrity": "sha512-w3lAI6R5cfxGM5oxX6XhEFob4mJkkyfKm0veUQJOg65J4dznwcaJ54lGuQPfjAPhcHxSk/w+7BvFLjbbjV09qw==",
      "optional": true
    },
    "@resvg/resvg-js-android-arm64": {
      "version": "2.2.0",
      "resolved": "https://registry.npmjs.org/@resvg/resvg-js-android-arm64/-/resvg-js-android-arm64-2.2.0.tgz",
      "integrity": "sha512-rzo0IqUErz1GzPthmU3wB25Vvdyr6KGI+J2WqALgSqmFxJ/sDygT2/6tirb4Lp1IjbvLhzO3uA6SP/sMwcWNfw==",
      "optional": true
    },
    "@resvg/resvg-js-darwin-arm64": {
      "version": "2.2.0",
      "resolved": "https://registry.npmjs.org/@resvg/resvg-js-darwin-arm64/-/resvg-js-darwin-arm64-2.2.0.tgz",
      "integrity": "sha512-MHJBjUh+xlZeMXcHqGiBO5d5CcgNAd0pXXaOmQtcamfBN5oc9SCJP3z137BEN5RhE6bgz6Wl88Sv1Jh3Wn0nlA==",
      "optional": true
    },
    "@resvg/resvg-js-darwin-x64": {
      "version": "2.2.0",
      "resolved": "https://registry.npmjs.org/@resvg/resvg-js-darwin-x64/-/resvg-js-darwin-x64-2.2.0.tgz",
      "integrity": "sha512-y6uaW/lWgvqpoeTA2hrgPlvNS7kbduBpUfYCpmk7KzOEMBzUUssOHT+DgqlQ7SZOi01mL6DHeDpAjvzM7K4Ocw==",
      "optional": true
    },
    "@resvg/resvg-js-linux-arm-gnueabihf": {
      "version": "2.2.0",
      "resolved": "https://registry.npmjs.org/@resvg/resvg-js-linux-arm-gnueabihf/-/resvg-js-linux-arm-gnueabihf-2.2.0.tgz",
      "integrity": "sha512-G32NqLnuYilT3z5oD5AKXZvpD/ZPRzP1t2T0dvqQC6kBE6c5ckhdCbyT0gnnarcvMoXP+J/xh7kadEp3V8wFDg==",
      "optional": true
    },
    "@resvg/resvg-js-linux-arm64-gnu": {
      "version": "2.2.0",
      "resolved": "https://registry.npmjs.org/@resvg/resvg-js-linux-arm64-gnu/-/resvg-js-linux-arm64-gnu-2.2.0.tgz",
      "integrity": "sha512-R0KJCCyjFcTDFT+nAVlP/CYUMIEjxSkSJsEED9QesulCxMY/aoO52p91FgQrGjecORkASNXovlqS3HsNYbCTOg==",
      "optional": true
    },
    "@resvg/resvg-js-linux-arm64-musl": {
      "version": "2.2.0",
      "resolved": "https://registry.npmjs.org/@resvg/resvg-js-linux-arm64-musl/-/resvg-js-linux-arm64-musl-2.2.0.tgz",
      "integrity": "sha512-Ir83lcBsuB6YVkAVPW4AAOzYo/F9kjlx2HA/O3vCjy/Rn5u5Xf2fGANfJxfCHUCtDMcqmM4hjdF2fOzqS9fusw==",
      "optional": true
    },
    "@resvg/resvg-js-linux-x64-gnu": {
      "version": "2.2.0",
      "resolved": "https://registry.npmjs.org/@resvg/resvg-js-linux-x64-gnu/-/resvg-js-linux-x64-gnu-2.2.0.tgz",
      "integrity": "sha512-pH1GdShtIDF3fmQZM9NTEEdZPkNKQ+XUJb7r1jaD8gusdXeD2ejWWi/uvlsugaoMoG0tUmMZi78eVm4IjlY+gw==",
      "optional": true
    },
    "@resvg/resvg-js-linux-x64-musl": {
      "version": "2.2.0",
      "resolved": "https://registry.npmjs.org/@resvg/resvg-js-linux-x64-musl/-/resvg-js-linux-x64-musl-2.2.0.tgz",
      "integrity": "sha512-7n2d4gfcyLb06RE/7aMGwiiMiqeCf/Ze/fBhKs9F2L60GX6rpgDC2PGJmWBiXIwz48PifvxmBiqD9XCUH5YGoA==",
      "optional": true
    },
    "@resvg/resvg-js-win32-arm64-msvc": {
      "version": "2.2.0",
      "resolved": "https://registry.npmjs.org/@resvg/resvg-js-win32-arm64-msvc/-/resvg-js-win32-arm64-msvc-2.2.0.tgz",
      "integrity": "sha512-rJWhnui1+P9lakfx92zhm+HInZUU1NdvkL/G5KrFcRI8HH0rfdNHokfKknvuko4e7iUSia7kTsbuKDNe4fErtQ==",
      "optional": true
    },
    "@resvg/resvg-js-win32-ia32-msvc": {
      "version": "2.2.0",
      "resolved": "https://registry.npmjs.org/@resvg/resvg-js-win32-ia32-msvc/-/resvg-js-win32-ia32-msvc-2.2.0.tgz",
      "integrity": "sha512-GlckTgsrlF9PQlWcXs1EySeGaT8TAkrSGhVZPRvSv46DUpZlhyVVvKMjsvpbDfqWltFkJTEgkTJ6uravnJrEMA==",
      "optional": true
    },
    "@resvg/resvg-js-win32-x64-msvc": {
      "version": "2.2.0",
      "resolved": "https://registry.npmjs.org/@resvg/resvg-js-win32-x64-msvc/-/resvg-js-win32-x64-msvc-2.2.0.tgz",
      "integrity": "sha512-4coA6J+MfrpbMaPynSLmmiq3DutmvNmCcNFyjnhhnytQW7+8zbrkVZGra7fty3364LY3unZGxS878WRa/AU7tw==",
      "optional": true
    },
    "@shuding/opentype.js": {
      "version": "1.4.0-beta.0",
      "resolved": "https://registry.npmjs.org/@shuding/opentype.js/-/opentype.js-1.4.0-beta.0.tgz",
      "integrity": "sha512-3NgmNyH3l/Hv6EvsWJbsvpcpUba6R8IREQ83nH83cyakCw7uM1arZKNfHwv1Wz6jgqrF/j4x5ELvR6PnK9nTcA==",
      "requires": {
        "fflate": "^0.7.3",
        "string.prototype.codepointat": "^0.2.1"
      }
    },
    "camelize": {
      "version": "1.0.1",
      "resolved": "https://registry.npmjs.org/camelize/-/camelize-1.0.1.tgz",
      "integrity": "sha512-dU+Tx2fsypxTgtLoE36npi3UqcjSSMNYfkqgmoEhtZrraP5VWq0K7FkWVTYa8eMPtnU/G2txVsfdCJTn9uzpuQ=="
    },
    "css-background-parser": {
      "version": "0.1.0",
      "resolved": "https://registry.npmjs.org/css-background-parser/-/css-background-parser-0.1.0.tgz",
      "integrity": "sha512-2EZLisiZQ+7m4wwur/qiYJRniHX4K5Tc9w93MT3AS0WS1u5kaZ4FKXlOTBhOjc+CgEgPiGY+fX1yWD8UwpEqUA=="
    },
    "css-box-shadow": {
      "version": "1.0.0-3",
      "resolved": "https://registry.npmjs.org/css-box-shadow/-/css-box-shadow-1.0.0-3.tgz",
      "integrity": "sha512-9jaqR6e7Ohds+aWwmhe6wILJ99xYQbfmK9QQB9CcMjDbTxPZjwEmUQpU91OG05Xgm8BahT5fW+svbsQGjS/zPg=="
    },
    "css-color-keywords": {
      "version": "1.0.0",
      "resolved": "https://registry.npmjs.org/css-color-keywords/-/css-color-keywords-1.0.0.tgz",
      "integrity": "sha512-FyyrDHZKEjXDpNJYvVsV960FiqQyXc/LlYmsxl2BcdMb2WPx0OGRVgTg55rPSyLSNMqP52R9r8geSp7apN3Ofg=="
    },
    "css-to-react-native": {
      "version": "3.1.0",
      "resolved": "https://registry.npmjs.org/css-to-react-native/-/css-to-react-native-3.1.0.tgz",
      "integrity": "sha512-AryfkFA29b4I3vG7N4kxFboq15DxwSXzhXM37XNEjwJMgjYIc8BcqfiprpAqX0zadI5PMByEIwAMzXxk5Vcc4g==",
      "requires": {
        "camelize": "^1.0.0",
        "css-color-keywords": "^1.0.0",
        "postcss-value-parser": "^4.0.2"
      }
    },
    "emoji-regex": {
      "version": "10.2.1",
      "resolved": "https://registry.npmjs.org/emoji-regex/-/emoji-regex-10.2.1.tgz",
      "integrity": "sha512-97g6QgOk8zlDRdgq1WxwgTMgEWGVAQvB5Fdpgc1MkNy56la5SKP9GsMXKDOdqwn90/41a8yPwIGk1Y6WVbeMQA=="
    },
    "fflate": {
      "version": "0.7.4",
      "resolved": "https://registry.npmjs.org/fflate/-/fflate-0.7.4.tgz",
      "integrity": "sha512-5u2V/CDW15QM1XbbgS+0DfPxVB+jUKhWEKuuFuHncbk3tEEqzmoXL+2KyOFuKGqOnmdIy0/davWF1CkuwtibCw=="
    },
    "postcss-value-parser": {
      "version": "4.2.0",
      "resolved": "https://registry.npmjs.org/postcss-value-parser/-/postcss-value-parser-4.2.0.tgz",
      "integrity": "sha512-1NNCs6uurfkVbeXG4S8JFT9t19m45ICnif8zWLd5oPSZ50QnwMfK+H3jv408d4jw/7Bttv5axS5IiHoLaVNHeQ=="
    },
    "satori": {
      "version": "0.1.1",
      "resolved": "https://registry.npmjs.org/satori/-/satori-0.1.1.tgz",
      "integrity": "sha512-bpGuPaABgYvsUTWFvD+smIpqEbN2es6cQXgJT7hi02JNOuRGuBed5OYdG2YGAgRkYF9DgbKZn/ONhL0n59+sXw==",
      "requires": {
        "@shuding/opentype.js": "1.4.0-beta.0",
        "css-background-parser": "^0.1.0",
        "css-box-shadow": "1.0.0-3",
        "css-to-react-native": "^3.0.0",
        "emoji-regex": "^10.2.1",
        "postcss-value-parser": "^4.2.0",
        "yoga-wasm-web": "^0.3.0"
      }
    },
    "simple-draw": {
      "version": "file:../pkg"
    },
    "string.prototype.codepointat": {
      "version": "0.2.1",
      "resolved": "https://registry.npmjs.org/string.prototype.codepointat/-/string.prototype.codepointat-0.2.1.tgz",
      "integrity": "sha512-2cBVCj6I4IOvEnjgO/hWqXjqBGsY+zwPmHl12Srk9IXSZ56Jwwmy+66XO5Iut/oQVR7t5ihYdLB0GMa4alEUcg=="
    },
    "yoga-wasm-web": {
      "version": "0.3.0",
      "resolved": "https://registry.npmjs.org/yoga-wasm-web/-/yoga-wasm-web-0.3.0.tgz",
      "integrity": "sha512-rD3L4jyMlO1m+RWU60lNwZQK5zmzglCV5fI1gTRikmpv3YzmNIZQbjyfE6cMNb9Xaly/C1SwemYGbsiOekMvnQ=="
    }
  }
}
